// !$*UTF8*$!
{
	archiveVersion = 1;
	classes = {
	};
	objectVersion = 50;
	objects = {

/* Begin PBXBuildFile section */
		5ECF5CB123C0D6DE0031DEF4 /* AppDelegate.m in Sources */ = {isa = PBXBuildFile; fileRef = 5ECF5CB023C0D6DE0031DEF4 /* AppDelegate.m */; };
		5ECF5CB423C0D6DE0031DEF4 /* SceneDelegate.m in Sources */ = {isa = PBXBuildFile; fileRef = 5ECF5CB323C0D6DE0031DEF4 /* SceneDelegate.m */; };
		5ECF5CB723C0D6DE0031DEF4 /* ViewController.m in Sources */ = {isa = PBXBuildFile; fileRef = 5ECF5CB623C0D6DE0031DEF4 /* ViewController.m */; };
		5ECF5CBA23C0D6DE0031DEF4 /* Main.storyboard in Resources */ = {isa = PBXBuildFile; fileRef = 5ECF5CB823C0D6DE0031DEF4 /* Main.storyboard */; };
		5ECF5CBC23C0D6DF0031DEF4 /* Assets.xcassets in Resources */ = {isa = PBXBuildFile; fileRef = 5ECF5CBB23C0D6DF0031DEF4 /* Assets.xcassets */; };
		5ECF5CBF23C0D6DF0031DEF4 /* LaunchScreen.storyboard in Resources */ = {isa = PBXBuildFile; fileRef = 5ECF5CBD23C0D6DF0031DEF4 /* LaunchScreen.storyboard */; };
		5ECF5CC223C0D6DF0031DEF4 /* main.m in Sources */ = {isa = PBXBuildFile; fileRef = 5ECF5CC123C0D6DF0031DEF4 /* main.m */; };
/* End PBXBuildFile section */

/* Begin PBXFileReference section */
		5ECF5CAC23C0D6DE0031DEF4 /* PopOverSample_objc.app */ = {isa = PBXFileReference; explicitFileType = wrapper.application; includeInIndex = 0; path = PopOverSample_objc.app; sourceTree = BUILT_PRODUCTS_DIR; };
		5ECF5CAF23C0D6DE0031DEF4 /* AppDelegate.h */ = {isa = PBXFileReference; lastKnownFileType = sourcecode.c.h; path = AppDelegate.h; sourceTree = "<group>"; };
		5ECF5CB023C0D6DE0031DEF4 /* AppDelegate.m */ = {isa = PBXFileReference; lastKnownFileType = sourcecode.c.objc; path = AppDelegate.m; sourceTree = "<group>"; };
		5ECF5CB223C0D6DE0031DEF4 /* SceneDelegate.h */ = {isa = PBXFileReference; lastKnownFileType = sourcecode.c.h; path = SceneDelegate.h; sourceTree = "<group>"; };
		5ECF5CB323C0D6DE0031DEF4 /* SceneDelegate.m */ = {isa = PBXFileReference; lastKnownFileType = sourcecode.c.objc; path = SceneDelegate.m; sourceTree = "<group>"; };
		5ECF5CB523C0D6DE0031DEF4 /* ViewController.h */ = {isa = PBXFileReference; lastKnownFileType = sourcecode.c.h; path = ViewController.h; sourceTree = "<group>"; };
		5ECF5CB623C0D6DE0031DEF4 /* ViewController.m */ = {isa = PBXFileReference; lastKnownFileType = sourcecode.c.objc; path = ViewController.m; sourceTree = "<group>"; };
		5ECF5CB923C0D6DE0031DEF4 /* Base */ = {isa = PBXFileReference; lastKnownFileType = file.storyboard; name = Base; path = Base.lproj/Main.storyboard; sourceTree = "<group>"; };
		5ECF5CBB23C0D6DF0031DEF4 /* Assets.xcassets */ = {isa = PBXFileReference; lastKnownFileType = folder.assetcatalog; path = Assets.xcassets; sourceTree = "<group>"; };
		5ECF5CBE23C0D6DF0031DEF4 /* Base */ = {isa = PBXFileReference; lastKnownFileType = file.storyboard; name = Base; path = Base.lproj/LaunchScreen.storyboard; sourceTree = "<group>"; };
		5ECF5CC023C0D6DF0031DEF4 /* Info.plist */ = {isa = PBXFileReference; lastKnownFileType = text.plist.xml; path = Info.plist; sourceTree = "<group>"; };
		5ECF5CC123C0D6DF0031DEF4 /* main.m */ = {isa = PBXFileReference; lastKnownFileType = sourcecode.c.objc; path = main.m; sourceTree = "<group>"; };
/* End PBXFileReference section */

/* Begin PBXFrameworksBuildPhase section */
		5ECF5CA923C0D6DE0031DEF4 /* Frameworks */ = {
			isa = PBXFrameworksBuildPhase;
			buildActionMask = 2147483647;
			files = (
			);
			runOnlyForDeploymentPostprocessing = 0;
		};
/* End PBXFrameworksBuildPhase section */

/* Begin PBXGroup section */
		5ECF5CA323C0D6DE0031DEF4 = {
			isa = PBXGroup;
			children = (
				5ECF5CAE23C0D6DE0031DEF4 /* PopOverSample_objc */,
				5ECF5CAD23C0D6DE0031DEF4 /* Products */,
			);
			sourceTree = "<group>";
		};
		5ECF5CAD23C0D6DE0031DEF4 /* Products */ = {
			isa = PBXGroup;
			children = (
				5ECF5CAC23C0D6DE0031DEF4 /* PopOverSample_objc.app */,
			);
			name = Products;
			sourceTree = "<group>";
		};
		5ECF5CAE23C0D6DE0031DEF4 /* PopOverSample_objc */ = {
			isa = PBXGroup;
			children = (
				5ECF5CAF23C0D6DE0031DEF4 /* AppDelegate.h */,
				5ECF5CB023C0D6DE0031DEF4 /* AppDelegate.m */,
				5ECF5CB223C0D6DE0031DEF4 /* SceneDelegate.h */,
				5ECF5CB323C0D6DE0031DEF4 /* SceneDelegate.m */,
				5ECF5CB523C0D6DE0031DEF4 /* ViewController.h */,
				5ECF5CB623C0D6DE0031DEF4 /* ViewController.m */,
				5ECF5CB823C0D6DE0031DEF4 /* Main.storyboard */,
				5ECF5CBB23C0D6DF0031DEF4 /* Assets.xcassets */,
				5ECF5CBD23C0D6DF0031DEF4 /* LaunchScreen.storyboard */,
				5ECF5CC023C0D6DF0031DEF4 /* Info.plist */,
				5ECF5CC123C0D6DF0031DEF4 /* main.m */,
			);
			path = PopOverSample_objc;
			sourceTree = "<group>";
		};
/* End PBXGroup section */

/* Begin PBXNativeTarget section */
		5ECF5CAB23C0D6DE0031DEF4 /* PopOverSample_objc */ = {
			isa = PBXNativeTarget;
			buildConfigurationList = 5ECF5CC523C0D6DF0031DEF4 /* Build configuration list for PBXNativeTarget "PopOverSample_objc" */;
			buildPhases = (
				5ECF5CA823C0D6DE0031DEF4 /* Sources */,
				5ECF5CA923C0D6DE0031DEF4 /* Frameworks */,
				5ECF5CAA23C0D6DE0031DEF4 /* Resources */,
			);
			buildRules = (
			);
			dependencies = (
			);
			name = PopOverSample_objc;
			productName = PopOverSample_objc;
			productReference = 5ECF5CAC23C0D6DE0031DEF4 /* PopOverSample_objc.app */;
			productType = "com.apple.product-type.application";
		};
/* End PBXNativeTarget section */

/* Begin PBXProject section */
		5ECF5CA423C0D6DE0031DEF4 /* Project object */ = {
			isa = PBXProject;
			attributes = {
				LastUpgradeCheck = 1120;
				ORGANIZATIONNAME = "丸本聡";
				TargetAttributes = {
					5ECF5CAB23C0D6DE0031DEF4 = {
						CreatedOnToolsVersion = 11.2.1;
					};
				};
			};
			buildConfigurationList = 5ECF5CA723C0D6DE0031DEF4 /* Build configuration list for PBXProject "PopOverSample_objc" */;
			compatibilityVersion = "Xcode 9.3";
			developmentRegion = en;
			hasScannedForEncodings = 0;
			knownRegions = (
				en,
				Base,
			);
			mainGroup = 5ECF5CA323C0D6DE0031DEF4;
			productRefGroup = 5ECF5CAD23C0D6DE0031DEF4 /* Products */;
			projectDirPath = "";
			projectRoot = "";
			targets = (
				5ECF5CAB23C0D6DE0031DEF4 /* PopOverSample_objc */,
			);
		};
/* End PBXProject section */

/* Begin PBXResourcesBuildPhase section */
		5ECF5CAA23C0D6DE0031DEF4 /* Resources */ = {
			isa = PBXResourcesBuildPhase;
			buildActionMask = 2147483647;
			files = (
				5ECF5CBF23C0D6DF0031DEF4 /* LaunchScreen.storyboard in Resources */,
				5ECF5CBC23C0D6DF0031DEF4 /* Assets.xcassets in Resources */,
				5ECF5CBA23C0D6DE0031DEF4 /* Main.storyboard in Resources */,
			);
			runOnlyForDeploymentPostprocessing = 0;
		};
/* End PBXResourcesBuildPhase section */

/* Begin PBXSourcesBuildPhase section */
		5ECF5CA823C0D6DE0031DEF4 /* Sources */ = {
			isa = PBXSourcesBuildPhase;
			buildActionMask = 2147483647;
			files = (
				5ECF5CB723C0D6DE0031DEF4 /* ViewController.m in Sources */,
				5ECF5CB123C0D6DE0031DEF4 /* AppDelegate.m in Sources */,
				5ECF5CC223C0D6DF0031DEF4 /* main.m in Sources */,
				5ECF5CB423C0D6DE0031DEF4 /* SceneDelegate.m in Sources */,
			);
			runOnlyForDeploymentPostprocessing = 0;
		};
/* End PBXSourcesBuildPhase section */

/* Begin PBXVariantGroup section */
		5ECF5CB823C0D6DE0031DEF4 /* Main.storyboard */ = {
			isa = PBXVariantGroup;
			children = (
				5ECF5CB923C0D6DE0031DEF4 /* Base */,
			);
			name = Main.storyboard;
			sourceTree = "<group>";
		};
		5ECF5CBD23C0D6DF0031DEF4 /* LaunchScreen.storyboard */ = {
			isa = PBXVariantGroup;
			children = (
				5ECF5CBE23C0D6DF0031DEF4 /* Base */,
			);
			name = LaunchScreen.storyboard;
			sourceTree = "<group>";
		};
/* End PBXVariantGroup section */

/* Begin XCBuildConfiguration section */
		5ECF5CC323C0D6DF0031DEF4 /* Debug */ = {
			isa = XCBuildConfiguration;
			buildSettings = {
				ALWAYS_SEARCH_USER_PATHS = NO;
				CLANG_ANALYZER_NONNULL = YES;
				CLANG_ANALYZER_NUMBER_OBJECT_CONVERSION = YES_AGGRESSIVE;
				CLANG_CXX_LANGUAGE_STANDARD = "gnu++14";
				CLANG_CXX_LIBRARY = "libc++";
				CLANG_ENABLE_MODULES = YES;
				CLANG_ENABLE_OBJC_ARC = YES;
				CLANG_ENABLE_OBJC_WEAK = YES;
				CLANG_WARN_BLOCK_CAPTURE_AUTORELEASING = YES;
				CLANG_WARN_BOOL_CONVERSION = YES;
				CLANG_WARN_COMMA = YES;
				CLANG_WARN_CONSTANT_CONVERSION = YES;
				CLANG_WARN_DEPRECATED_OBJC_IMPLEMENTATIONS = YES;
				CLANG_WARN_DIRECT_OBJC_ISA_USAGE = YES_ERROR;
				CLANG_WARN_DOCUMENTATION_COMMENTS = YES;
				CLANG_WARN_EMPTY_BODY = YES;
				CLANG_WARN_ENUM_CONVERSION = YES;
				CLANG_WARN_INFINITE_RECURSION = YES;
				CLANG_WARN_INT_CONVERSION = YES;
				CLANG_WARN_NON_LITERAL_NULL_CONVERSION = YES;
				CLANG_WARN_OBJC_IMPLICIT_RETAIN_SELF = YES;
				CLANG_WARN_OBJC_LITERAL_CONVERSION = YES;
				CLANG_WARN_OBJC_ROOT_CLASS = YES_ERROR;
				CLANG_WARN_RANGE_LOOP_ANALYSIS = YES;
				CLANG_WARN_STRICT_PROTOTYPES = YES;
				CLANG_WARN_SUSPICIOUS_MOVE = YES;
				CLANG_WARN_UNGUARDED_AVAILABILITY = YES_AGGRESSIVE;
				CLANG_WARN_UNREACHABLE_CODE = YES;
				CLANG_WARN__DUPLICATE_METHOD_MATCH = YES;
				COPY_PHASE_STRIP = NO;
				DEBUG_INFORMATION_FORMAT = dwarf;
				ENABLE_STRICT_OBJC_MSGSEND = YES;
				ENABLE_TESTABILITY = YES;
				GCC_C_LANGUAGE_STANDARD = gnu11;
				GCC_DYNAMIC_NO_PIC = NO;
				GCC_NO_COMMON_BLOCKS = YES;
				GCC_OPTIMIZATION_LEVEL = 0;
				GCC_PREPROCESSOR_DEFINITIONS = (
					"DEBUG=1",
					"$(inherited)",
				);
				GCC_WARN_64_TO_32_BIT_CONVERSION = YES;
				GCC_WARN_ABOUT_RETURN_TYPE = YES_ERROR;
				GCC_WARN_UNDECLARED_SELECTOR = YES;
				GCC_WARN_UNINITIALIZED_AUTOS = YES_AGGRESSIVE;
				GCC_WARN_UNUSED_FUNCTION = YES;
				GCC_WARN_UNUSED_VARIABLE = YES;
				IPHONEOS_DEPLOYMENT_TARGET = 13.2;
				MTL_ENABLE_DEBUG_INFO = INCLUDE_SOURCE;
				MTL_FAST_MATH = YES;
				ONLY_ACTIVE_ARCH = YES;
				SDKROOT = iphoneos;
			};
			name = Debug;
		};
		5ECF5CC423C0D6DF0031DEF4 /* Release */ = {
			isa = XCBuildConfiguration;
			buildSettings = {
				ALWAYS_SEARCH_USER_PATHS = NO;
				CLANG_ANALYZER_NONNULL = YES;
				CLANG_ANALYZER_NUMBER_OBJECT_CONVERSION = YES_AGGRESSIVE;
				CLANG_CXX_LANGUAGE_STANDARD = "gnu++14";
				CLANG_CXX_LIBRARY = "libc++";
				CLANG_ENABLE_MODULES = YES;
				CLANG_ENABLE_OBJC_ARC = YES;
				CLANG_ENABLE_OBJC_WEAK = YES;
				CLANG_WARN_BLOCK_CAPTURE_AUTORELEASING = YES;
				CLANG_WARN_BOOL_CONVERSION = YES;
				CLANG_WARN_COMMA = YES;
				CLANG_WARN_CONSTANT_CONVERSION = YES;
				CLANG_WARN_DEPRECATED_OBJC_IMPLEMENTATIONS = YES;
				CLANG_WARN_DIRECT_OBJC_ISA_USAGE = YES_ERROR;
				CLANG_WARN_DOCUMENTATION_COMMENTS = YES;
				CLANG_WARN_EMPTY_BODY = YES;
				CLANG_WARN_ENUM_CONVERSION = YES;
				CLANG_WARN_INFINITE_RECURSION = YES;
				CLANG_WARN_INT_CONVERSION = YES;
				CLANG_WARN_NON_LITERAL_NULL_CONVERSION = YES;
				CLANG_WARN_OBJC_IMPLICIT_RETAIN_SELF = YES;
				CLANG_WARN_OBJC_LITERAL_CONVERSION = YES;
				CLANG_WARN_OBJC_ROOT_CLASS = YES_ERROR;
				CLANG_WARN_RANGE_LOOP_ANALYSIS = YES;
				CLANG_WARN_STRICT_PROTOTYPES = YES;
				CLANG_WARN_SUSPICIOUS_MOVE = YES;
				CLANG_WARN_UNGUARDED_AVAILABILITY = YES_AGGRESSIVE;
				CLANG_WARN_UNREACHABLE_CODE = YES;
				CLANG_WARN__DUPLICATE_METHOD_MATCH = YES;
				COPY_PHASE_STRIP = NO;
				DEBUG_INFORMATION_FORMAT = "dwarf-with-dsym";
				ENABLE_NS_ASSERTIONS = NO;
				ENABLE_STRICT_OBJC_MSGSEND = YES;
				GCC_C_LANGUAGE_STANDARD = gnu11;
				GCC_NO_COMMON_BLOCKS = YES;
				GCC_WARN_64_TO_32_BIT_CONVERSION = YES;
				GCC_WARN_ABOUT_RETURN_TYPE = YES_ERROR;
				GCC_WARN_UNDECLARED_SELECTOR = YES;
				GCC_WARN_UNINITIALIZED_AUTOS = YES_AGGRESSIVE;
				GCC_WARN_UNUSED_FUNCTION = YES;
				GCC_WARN_UNUSED_VARIABLE = YES;
				IPHONEOS_DEPLOYMENT_TARGET = 13.2;
				MTL_ENABLE_DEBUG_INFO = NO;
				MTL_FAST_MATH = YES;
				SDKROOT = iphoneos;
				VALIDATE_PRODUCT = YES;
			};
			name = Release;
		};
		5ECF5CC623C0D6DF0031DEF4 /* Debug */ = {
			isa = XCBuildConfiguration;
			buildSettings = {
				ASSETCATALOG_COMPILER_APPICON_NAME = AppIcon;
				CODE_SIGN_STYLE = Automatic;
				DEVELOPMENT_TEAM = YN4564NF9M;
				INFOPLIST_FILE = PopOverSample_objc/Info.plist;
				LD_RUNPATH_SEARCH_PATHS = (
					"$(inherited)",
					"@executable_path/Frameworks",
				);
				PRODUCT_BUNDLE_IDENTIFIER = "sagaminumber3-yahoo.co.jp.PopOverSample-objc";
				PRODUCT_NAME = "$(TARGET_NAME)";
				TARGETED_DEVICE_FAMILY = "1,2";
			};
			name = Debug;
		};
		5ECF5CC723C0D6DF0031DEF4 /* Release */ = {
			isa = XCBuildConfiguration;
			buildSettings = {
				ASSETCATALOG_COMPILER_APPICON_NAME = AppIcon;
				CODE_SIGN_STYLE = Automatic;
				DEVELOPMENT_TEAM = YN4564NF9M;
				INFOPLIST_FILE = PopOverSample_objc/Info.plist;
				LD_RUNPATH_SEARCH_PATHS = (
					"$(inherited)",
					"@executable_path/Frameworks",
				);
				PRODUCT_BUNDLE_IDENTIFIER = "sagaminumber3-yahoo.co.jp.PopOverSample-objc";
				PRODUCT_NAME = "$(TARGET_NAME)";
				TARGETED_DEVICE_FAMILY = "1,2";
			};
			name = Release;
		};
/* End XCBuildConfiguration section */

/* Begin XCConfigurationList section */
		5ECF5CA723C0D6DE0031DEF4 /* Build configuration list for PBXProject "PopOverSample_objc" */ = {
			isa = XCConfigurationList;
			buildConfigurations = (
				5ECF5CC323C0D6DF0031DEF4 /* Debug */,
				5ECF5CC423C0D6DF0031DEF4 /* Release */,
			);
			defaultConfigurationIsVisible = 0;
			defaultConfigurationName = Release;
		};
		5ECF5CC523C0D6DF0031DEF4 /* Build configuration list for PBXNativeTarget "PopOverSample_objc" */ = {
			isa = XCConfigurationList;
			buildConfigurations = (
				5ECF5CC623C0D6DF0031DEF4 /* Debug */,
				5ECF5CC723C0D6DF0031DEF4 /* Release */,
			);
			defaultConfigurationIsVisible = 0;
			defaultConfigurationName = Release;
		};
/* End XCConfigurationList section */
	};
	rootObject = 5ECF5CA423C0D6DE0031DEF4 /* Project object */;
}
